
Microsoft Visual Studio Solution File, Format Version 12.00
# Visual Studio Version 17
VisualStudioVersion = 17.8.34309.116
MinimumVisualStudioVersion = 10.0.40219.1
Project("{888888A0-9F3D-457C-B088-3A5042F75D52}") = "WebServer", "projekatDRS\WebServer.pyproj", "{5CE1B41F-F648-4493-ABB2-DBE555EB9B4B}"
EndProject
Global
	GlobalSection(SolutionConfigurationPlatforms) = preSolution
		Debug|Any CPU = Debug|Any CPU
		Release|Any CPU = Release|Any CPU
	EndGlobalSection
	GlobalSection(ProjectConfigurationPlatforms) = postSolution
		{5CE1B41F-F648-4493-ABB2-DBE555EB9B4B}.Debug|Any CPU.ActiveCfg = Debug|Any CPU
		{5CE1B41F-F648-4493-ABB2-DBE555EB9B4B}.Debug|Any CPU.Build.0 = Debug|Any CPU
		{5CE1B41F-F648-4493-ABB2-DBE555EB9B4B}.Release|Any CPU.ActiveCfg = Release|Any CPU
		{5CE1B41F-F648-4493-ABB2-DBE555EB9B4B}.Release|Any CPU.Build.0 = Release|Any CPU
	EndGlobalSection
	GlobalSection(SolutionProperties) = preSolution
		HideSolutionNode = FALSE
	EndGlobalSection
	GlobalSection(ExtensibilityGlobals) = postSolution
		SolutionGuid = {7F0B5FAF-9ECA-4C69-8828-D9FA344D9C8A}
	EndGlobalSection
EndGlobal
